
Microsoft Visual Studio Solution File, Format Version 12.00
# Visual Studio 15
VisualStudioVersion = 15.0.28010.2019
MinimumVisualStudioVersion = 10.0.40219.1
Project("{FAE04EC0-301F-11D3-BF4B-00C04F79EFBC}") = "CompGraphicsLab01", "CompGraphicsLab01\CompGraphicsLab01.csproj", "{F3329CD9-FDC2-4BEB-A241-4E788E000106}"
EndProject
Global
	GlobalSection(SolutionConfigurationPlatforms) = preSolution
		Debug|Any CPU = Debug|Any CPU
		Release|Any CPU = Release|Any CPU
	EndGlobalSection
	GlobalSection(ProjectConfigurationPlatforms) = postSolution
		{F3329CD9-FDC2-4BEB-A241-4E788E000106}.Debug|Any CPU.ActiveCfg = Debug|Any CPU
		{F3329CD9-FDC2-4BEB-A241-4E788E000106}.Debug|Any CPU.Build.0 = Debug|Any CPU
		{F3329CD9-FDC2-4BEB-A241-4E788E000106}.Release|Any CPU.ActiveCfg = Release|Any CPU
		{F3329CD9-FDC2-4BEB-A241-4E788E000106}.Release|Any CPU.Build.0 = Release|Any CPU
	EndGlobalSection
	GlobalSection(SolutionProperties) = preSolution
		HideSolutionNode = FALSE
	EndGlobalSection
	GlobalSection(ExtensibilityGlobals) = postSolution
		SolutionGuid = {BB7B85C4-5931-438F-A53D-9E7403154D6B}
	EndGlobalSection
EndGlobal
